{
  "object": {
    "pins": [
      {
        "package": "FilePicker",
        "repositoryURL": "https://github.com/markrenaud/FilePicker.git",
        "state": {
          "branch": null,
          "revision": "720f8cb5ca0c0efc982ed381afc84ba3e8b3214e",
          "version": "1.0.1"
        }
      }
    ]
  },
  "version": 1
}
